// !$*UTF8*$!
{
	archiveVersion = 1;
	classes = {
	};
	objectVersion = 46;
	objects = {

/* Begin PBXBuildFile section */
		0091D8F90E81B9330029341E /* OpenGL.framework in Frameworks */ = {isa = PBXBuildFile; fileRef = 0091D8F80E81B9330029341E /* OpenGL.framework */; };
		0097E3E50F3E9819005A4392 /* QuickTime.framework in Frameworks */ = {isa = PBXBuildFile; fileRef = 0097E3E40F3E9819005A4392 /* QuickTime.framework */; };
		00B784B30FF439BC000DE1D7 /* Accelerate.framework in Frameworks */ = {isa = PBXBuildFile; fileRef = 00B784AF0FF439BC000DE1D7 /* Accelerate.framework */; };
		00B784B40FF439BC000DE1D7 /* AudioToolbox.framework in Frameworks */ = {isa = PBXBuildFile; fileRef = 00B784B00FF439BC000DE1D7 /* AudioToolbox.framework */; };
		00B784B50FF439BC000DE1D7 /* AudioUnit.framework in Frameworks */ = {isa = PBXBuildFile; fileRef = 00B784B10FF439BC000DE1D7 /* AudioUnit.framework */; };
		00B784B60FF439BC000DE1D7 /* CoreAudio.framework in Frameworks */ = {isa = PBXBuildFile; fileRef = 00B784B20FF439BC000DE1D7 /* CoreAudio.framework */; };
		00BAE65A0E7ED9C10018A608 /* OpenniStreamApp.cpp in Sources */ = {isa = PBXBuildFile; fileRef = 00BAE6590E7ED9C10018A608 /* OpenniStreamApp.cpp */; };
		2042DF5813C764A90062DCE9 /* configIR.xml in Resources */ = {isa = PBXBuildFile; fileRef = 2042DF5713C764A90062DCE9 /* configIR.xml */; };
		5323E6B20EAFCA74003A9687 /* CoreVideo.framework in Frameworks */ = {isa = PBXBuildFile; fileRef = 5323E6B10EAFCA74003A9687 /* CoreVideo.framework */; };
		5323E6B60EAFCA7E003A9687 /* QTKit.framework in Frameworks */ = {isa = PBXBuildFile; fileRef = 5323E6B50EAFCA7E003A9687 /* QTKit.framework */; };
		53E3CDFC0E86099300238D2B /* Carbon.framework in Frameworks */ = {isa = PBXBuildFile; fileRef = 53E3CDFB0E86099300238D2B /* Carbon.framework */; };
		8D11072F0486CEB800E47090 /* Cocoa.framework in Frameworks */ = {isa = PBXBuildFile; fileRef = 1058C7A1FEA54F0111CA2CBB /* Cocoa.framework */; };
		AFB640D01597FD1E0026B411 /* osc.a in Frameworks */ = {isa = PBXBuildFile; fileRef = AFB640901597FD1E0026B411 /* osc.a */; };
		AFB640E31597FD1E0026B411 /* OscBundle.cpp in Sources */ = {isa = PBXBuildFile; fileRef = AFB640BC1597FD1E0026B411 /* OscBundle.cpp */; };
		AFB640E41597FD1E0026B411 /* OscListener.cpp in Sources */ = {isa = PBXBuildFile; fileRef = AFB640BD1597FD1E0026B411 /* OscListener.cpp */; };
		AFB640E51597FD1E0026B411 /* OscMessage.cpp in Sources */ = {isa = PBXBuildFile; fileRef = AFB640BE1597FD1E0026B411 /* OscMessage.cpp */; };
		AFB640E61597FD1E0026B411 /* OscSender.cpp in Sources */ = {isa = PBXBuildFile; fileRef = AFB640BF1597FD1E0026B411 /* OscSender.cpp */; };
		AFB64102159805580026B411 /* VOpenNIDevice.cpp in Sources */ = {isa = PBXBuildFile; fileRef = AFB640F6159805580026B411 /* VOpenNIDevice.cpp */; };
		AFB64103159805580026B411 /* VOpenNIDeviceManager.cpp in Sources */ = {isa = PBXBuildFile; fileRef = AFB640F8159805580026B411 /* VOpenNIDeviceManager.cpp */; };
		AFB64104159805580026B411 /* VOpenNINetwork.cpp in Sources */ = {isa = PBXBuildFile; fileRef = AFB640FB159805580026B411 /* VOpenNINetwork.cpp */; };
		AFB64105159805580026B411 /* VOpenNIRecorder.cpp in Sources */ = {isa = PBXBuildFile; fileRef = AFB640FD159805580026B411 /* VOpenNIRecorder.cpp */; };
		AFB64106159805580026B411 /* VOpenNIUser.cpp in Sources */ = {isa = PBXBuildFile; fileRef = AFB64100159805580026B411 /* VOpenNIUser.cpp */; };
		AFC16DEE1545B39E000749C4 /* eight-ball.icns in Resources */ = {isa = PBXBuildFile; fileRef = AFC16DED1545B39E000749C4 /* eight-ball.icns */; };
/* End PBXBuildFile section */

/* Begin PBXFileReference section */
		0091D8F80E81B9330029341E /* OpenGL.framework */ = {isa = PBXFileReference; lastKnownFileType = wrapper.framework; name = OpenGL.framework; path = /System/Library/Frameworks/OpenGL.framework; sourceTree = "<absolute>"; };
		0097E3E40F3E9819005A4392 /* QuickTime.framework */ = {isa = PBXFileReference; lastKnownFileType = wrapper.framework; name = QuickTime.framework; path = /System/Library/Frameworks/QuickTime.framework; sourceTree = "<absolute>"; };
		00B784AF0FF439BC000DE1D7 /* Accelerate.framework */ = {isa = PBXFileReference; lastKnownFileType = wrapper.framework; name = Accelerate.framework; path = System/Library/Frameworks/Accelerate.framework; sourceTree = SDKROOT; };
		00B784B00FF439BC000DE1D7 /* AudioToolbox.framework */ = {isa = PBXFileReference; lastKnownFileType = wrapper.framework; name = AudioToolbox.framework; path = System/Library/Frameworks/AudioToolbox.framework; sourceTree = SDKROOT; };
		00B784B10FF439BC000DE1D7 /* AudioUnit.framework */ = {isa = PBXFileReference; lastKnownFileType = wrapper.framework; name = AudioUnit.framework; path = System/Library/Frameworks/AudioUnit.framework; sourceTree = SDKROOT; };
		00B784B20FF439BC000DE1D7 /* CoreAudio.framework */ = {isa = PBXFileReference; lastKnownFileType = wrapper.framework; name = CoreAudio.framework; path = System/Library/Frameworks/CoreAudio.framework; sourceTree = SDKROOT; };
		00BAE6590E7ED9C10018A608 /* OpenniStreamApp.cpp */ = {isa = PBXFileReference; fileEncoding = 4; lastKnownFileType = sourcecode.cpp.cpp; name = OpenniStreamApp.cpp; path = ../src/OpenniStreamApp.cpp; sourceTree = SOURCE_ROOT; };
		1058C7A1FEA54F0111CA2CBB /* Cocoa.framework */ = {isa = PBXFileReference; lastKnownFileType = wrapper.framework; name = Cocoa.framework; path = /System/Library/Frameworks/Cocoa.framework; sourceTree = "<absolute>"; };
		13E42FB307B3F0F600E4EEF1 /* CoreData.framework */ = {isa = PBXFileReference; lastKnownFileType = wrapper.framework; name = CoreData.framework; path = /System/Library/Frameworks/CoreData.framework; sourceTree = "<absolute>"; };
		2042DF5713C764A90062DCE9 /* configIR.xml */ = {isa = PBXFileReference; fileEncoding = 4; lastKnownFileType = text.xml; name = configIR.xml; path = ../resources/configIR.xml; sourceTree = SOURCE_ROOT; };
		29B97324FDCFA39411CA2CEA /* AppKit.framework */ = {isa = PBXFileReference; lastKnownFileType = wrapper.framework; name = AppKit.framework; path = /System/Library/Frameworks/AppKit.framework; sourceTree = "<absolute>"; };
		29B97325FDCFA39411CA2CEA /* Foundation.framework */ = {isa = PBXFileReference; lastKnownFileType = wrapper.framework; name = Foundation.framework; path = /System/Library/Frameworks/Foundation.framework; sourceTree = "<absolute>"; };
		32CA4F630368D1EE00C91783 /* OpenniStream_Prefix.pch */ = {isa = PBXFileReference; fileEncoding = 4; lastKnownFileType = sourcecode.c.h; path = OpenniStream_Prefix.pch; sourceTree = "<group>"; };
		5323E6B10EAFCA74003A9687 /* CoreVideo.framework */ = {isa = PBXFileReference; lastKnownFileType = wrapper.framework; name = CoreVideo.framework; path = /System/Library/Frameworks/CoreVideo.framework; sourceTree = "<absolute>"; };
		5323E6B50EAFCA7E003A9687 /* QTKit.framework */ = {isa = PBXFileReference; lastKnownFileType = wrapper.framework; name = QTKit.framework; path = /System/Library/Frameworks/QTKit.framework; sourceTree = "<absolute>"; };
		53E3CDFB0E86099300238D2B /* Carbon.framework */ = {isa = PBXFileReference; lastKnownFileType = wrapper.framework; name = Carbon.framework; path = /System/Library/Frameworks/Carbon.framework; sourceTree = "<absolute>"; };
		8D1107310486CEB800E47090 /* Info.plist */ = {isa = PBXFileReference; fileEncoding = 4; lastKnownFileType = text.plist.xml; path = Info.plist; sourceTree = "<group>"; };
		8D1107320486CEB800E47090 /* OpenniStream.app */ = {isa = PBXFileReference; explicitFileType = wrapper.application; includeInIndex = 0; path = OpenniStream.app; sourceTree = BUILT_PRODUCTS_DIR; };
		AF05ECC315719A510048F039 /* CinderVideoStreamServerV.h */ = {isa = PBXFileReference; lastKnownFileType = sourcecode.c.h; name = CinderVideoStreamServerV.h; path = ../src/CinderVideoStreamServerV.h; sourceTree = "<group>"; };
		AF52CF611559CF3B00625244 /* UserRenderer.h */ = {isa = PBXFileReference; fileEncoding = 4; lastKnownFileType = sourcecode.c.h; name = UserRenderer.h; path = ../src/UserRenderer.h; sourceTree = "<group>"; };
		AF802050156EA07E00E5F3B3 /* CinderVideoStreamServer.h */ = {isa = PBXFileReference; fileEncoding = 4; lastKnownFileType = sourcecode.c.h; name = CinderVideoStreamServer.h; path = ../src/CinderVideoStreamServer.h; sourceTree = "<group>"; };
		AF802052156EA0F100E5F3B3 /* ConcurrentQueue.h */ = {isa = PBXFileReference; lastKnownFileType = sourcecode.c.h; name = ConcurrentQueue.h; path = ../src/ConcurrentQueue.h; sourceTree = "<group>"; };
		AFA0A1AE157874010040BD19 /* PixelEntry.h */ = {isa = PBXFileReference; fileEncoding = 4; lastKnownFileType = sourcecode.c.h; name = PixelEntry.h; path = ../src/PixelEntry.h; sourceTree = "<group>"; };
		AFB640731597FD1E0026B411 /* IpEndpointName.h */ = {isa = PBXFileReference; fileEncoding = 4; lastKnownFileType = sourcecode.c.h; path = IpEndpointName.h; sourceTree = "<group>"; };
		AFB640751597FD1E0026B411 /* NetworkingUtils.h */ = {isa = PBXFileReference; fileEncoding = 4; lastKnownFileType = sourcecode.c.h; path = NetworkingUtils.h; sourceTree = "<group>"; };
		AFB640761597FD1E0026B411 /* PacketListener.h */ = {isa = PBXFileReference; fileEncoding = 4; lastKnownFileType = sourcecode.c.h; path = PacketListener.h; sourceTree = "<group>"; };
		AFB640771597FD1E0026B411 /* TimerListener.h */ = {isa = PBXFileReference; fileEncoding = 4; lastKnownFileType = sourcecode.c.h; path = TimerListener.h; sourceTree = "<group>"; };
		AFB640791597FD1E0026B411 /* UdpSocket.h */ = {isa = PBXFileReference; fileEncoding = 4; lastKnownFileType = sourcecode.c.h; path = UdpSocket.h; sourceTree = "<group>"; };
		AFB6407B1597FD1E0026B411 /* MessageMappingOscPacketListener.h */ = {isa = PBXFileReference; fileEncoding = 4; lastKnownFileType = sourcecode.c.h; path = MessageMappingOscPacketListener.h; sourceTree = "<group>"; };
		AFB6407C1597FD1E0026B411 /* OscException.h */ = {isa = PBXFileReference; fileEncoding = 4; lastKnownFileType = sourcecode.c.h; path = OscException.h; sourceTree = "<group>"; };
		AFB6407D1597FD1E0026B411 /* OscHostEndianness.h */ = {isa = PBXFileReference; fileEncoding = 4; lastKnownFileType = sourcecode.c.h; path = OscHostEndianness.h; sourceTree = "<group>"; };
		AFB6407F1597FD1E0026B411 /* OscOutboundPacketStream.h */ = {isa = PBXFileReference; fileEncoding = 4; lastKnownFileType = sourcecode.c.h; path = OscOutboundPacketStream.h; sourceTree = "<group>"; };
		AFB640801597FD1E0026B411 /* OscPacketListener.h */ = {isa = PBXFileReference; fileEncoding = 4; lastKnownFileType = sourcecode.c.h; path = OscPacketListener.h; sourceTree = "<group>"; };
		AFB640821597FD1E0026B411 /* OscPrintReceivedElements.h */ = {isa = PBXFileReference; fileEncoding = 4; lastKnownFileType = sourcecode.c.h; path = OscPrintReceivedElements.h; sourceTree = "<group>"; };
		AFB640841597FD1E0026B411 /* OscReceivedElements.h */ = {isa = PBXFileReference; fileEncoding = 4; lastKnownFileType = sourcecode.c.h; path = OscReceivedElements.h; sourceTree = "<group>"; };
		AFB640861597FD1E0026B411 /* OscTypes.h */ = {isa = PBXFileReference; fileEncoding = 4; lastKnownFileType = sourcecode.c.h; path = OscTypes.h; sourceTree = "<group>"; };
		AFB640871597FD1E0026B411 /* OscArg.h */ = {isa = PBXFileReference; fileEncoding = 4; lastKnownFileType = sourcecode.c.h; path = OscArg.h; sourceTree = "<group>"; };
		AFB640881597FD1E0026B411 /* OscBundle.h */ = {isa = PBXFileReference; fileEncoding = 4; lastKnownFileType = sourcecode.c.h; path = OscBundle.h; sourceTree = "<group>"; };
		AFB640891597FD1E0026B411 /* OscListener.h */ = {isa = PBXFileReference; fileEncoding = 4; lastKnownFileType = sourcecode.c.h; path = OscListener.h; sourceTree = "<group>"; };
		AFB6408A1597FD1E0026B411 /* OscMessage.h */ = {isa = PBXFileReference; fileEncoding = 4; lastKnownFileType = sourcecode.c.h; path = OscMessage.h; sourceTree = "<group>"; };
		AFB6408B1597FD1E0026B411 /* OscSender.h */ = {isa = PBXFileReference; fileEncoding = 4; lastKnownFileType = sourcecode.c.h; path = OscSender.h; sourceTree = "<group>"; };
		AFB640901597FD1E0026B411 /* osc.a */ = {isa = PBXFileReference; lastKnownFileType = archive.ar; path = osc.a; sourceTree = "<group>"; };
		AFB640BC1597FD1E0026B411 /* OscBundle.cpp */ = {isa = PBXFileReference; fileEncoding = 4; lastKnownFileType = sourcecode.cpp.cpp; path = OscBundle.cpp; sourceTree = "<group>"; };
		AFB640BD1597FD1E0026B411 /* OscListener.cpp */ = {isa = PBXFileReference; fileEncoding = 4; lastKnownFileType = sourcecode.cpp.cpp; path = OscListener.cpp; sourceTree = "<group>"; };
		AFB640BE1597FD1E0026B411 /* OscMessage.cpp */ = {isa = PBXFileReference; fileEncoding = 4; lastKnownFileType = sourcecode.cpp.cpp; path = OscMessage.cpp; sourceTree = "<group>"; };
		AFB640BF1597FD1E0026B411 /* OscSender.cpp */ = {isa = PBXFileReference; fileEncoding = 4; lastKnownFileType = sourcecode.cpp.cpp; path = OscSender.cpp; sourceTree = "<group>"; };
		AFB640F3159805580026B411 /* SkeletonPoseDetector.h */ = {isa = PBXFileReference; fileEncoding = 4; lastKnownFileType = sourcecode.c.h; path = SkeletonPoseDetector.h; sourceTree = "<group>"; };
		AFB640F4159805580026B411 /* VOpenNIBone.h */ = {isa = PBXFileReference; fileEncoding = 4; lastKnownFileType = sourcecode.c.h; path = VOpenNIBone.h; sourceTree = "<group>"; };
		AFB640F5159805580026B411 /* VOpenNICommon.h */ = {isa = PBXFileReference; fileEncoding = 4; lastKnownFileType = sourcecode.c.h; path = VOpenNICommon.h; sourceTree = "<group>"; };
		AFB640F6159805580026B411 /* VOpenNIDevice.cpp */ = {isa = PBXFileReference; fileEncoding = 4; lastKnownFileType = sourcecode.cpp.cpp; path = VOpenNIDevice.cpp; sourceTree = "<group>"; };
		AFB640F7159805580026B411 /* VOpenNIDevice.h */ = {isa = PBXFileReference; fileEncoding = 4; lastKnownFileType = sourcecode.c.h; path = VOpenNIDevice.h; sourceTree = "<group>"; };
		AFB640F8159805580026B411 /* VOpenNIDeviceManager.cpp */ = {isa = PBXFileReference; fileEncoding = 4; lastKnownFileType = sourcecode.cpp.cpp; path = VOpenNIDeviceManager.cpp; sourceTree = "<group>"; };
		AFB640F9159805580026B411 /* VOpenNIDeviceManager.h */ = {isa = PBXFileReference; fileEncoding = 4; lastKnownFileType = sourcecode.c.h; path = VOpenNIDeviceManager.h; sourceTree = "<group>"; };
		AFB640FA159805580026B411 /* VOpenNIHeaders.h */ = {isa = PBXFileReference; fileEncoding = 4; lastKnownFileType = sourcecode.c.h; path = VOpenNIHeaders.h; sourceTree = "<group>"; };
		AFB640FB159805580026B411 /* VOpenNINetwork.cpp */ = {isa = PBXFileReference; fileEncoding = 4; lastKnownFileType = sourcecode.cpp.cpp; path = VOpenNINetwork.cpp; sourceTree = "<group>"; };
		AFB640FC159805580026B411 /* VOpenNINetwork.h */ = {isa = PBXFileReference; fileEncoding = 4; lastKnownFileType = sourcecode.c.h; path = VOpenNINetwork.h; sourceTree = "<group>"; };
		AFB640FD159805580026B411 /* VOpenNIRecorder.cpp */ = {isa = PBXFileReference; fileEncoding = 4; lastKnownFileType = sourcecode.cpp.cpp; path = VOpenNIRecorder.cpp; sourceTree = "<group>"; };
		AFB640FE159805580026B411 /* VOpenNIRecorder.h */ = {isa = PBXFileReference; fileEncoding = 4; lastKnownFileType = sourcecode.c.h; path = VOpenNIRecorder.h; sourceTree = "<group>"; };
		AFB640FF159805580026B411 /* VOpenNISurface.h */ = {isa = PBXFileReference; fileEncoding = 4; lastKnownFileType = sourcecode.c.h; path = VOpenNISurface.h; sourceTree = "<group>"; };
		AFB64100159805580026B411 /* VOpenNIUser.cpp */ = {isa = PBXFileReference; fileEncoding = 4; lastKnownFileType = sourcecode.cpp.cpp; path = VOpenNIUser.cpp; sourceTree = "<group>"; };
		AFB64101159805580026B411 /* VOpenNIUser.h */ = {isa = PBXFileReference; fileEncoding = 4; lastKnownFileType = sourcecode.c.h; path = VOpenNIUser.h; sourceTree = "<group>"; };
		AFB6410B159808160026B411 /* Util.h */ = {isa = PBXFileReference; fileEncoding = 4; lastKnownFileType = sourcecode.c.h; name = Util.h; path = ../src/Util.h; sourceTree = "<group>"; };
		AFC16DED1545B39E000749C4 /* eight-ball.icns */ = {isa = PBXFileReference; lastKnownFileType = image.icns; path = "eight-ball.icns"; sourceTree = "<group>"; };
		AFCE452B15980F480037FA08 /* KinectTextures.h */ = {isa = PBXFileReference; fileEncoding = 4; lastKnownFileType = sourcecode.c.h; path = KinectTextures.h; sourceTree = "<group>"; };
/* End PBXFileReference section */

/* Begin PBXFrameworksBuildPhase section */
		8D11072E0486CEB800E47090 /* Frameworks */ = {
			isa = PBXFrameworksBuildPhase;
			buildActionMask = 2147483647;
			files = (
				8D11072F0486CEB800E47090 /* Cocoa.framework in Frameworks */,
				0091D8F90E81B9330029341E /* OpenGL.framework in Frameworks */,
				53E3CDFC0E86099300238D2B /* Carbon.framework in Frameworks */,
				5323E6B20EAFCA74003A9687 /* CoreVideo.framework in Frameworks */,
				5323E6B60EAFCA7E003A9687 /* QTKit.framework in Frameworks */,
				0097E3E50F3E9819005A4392 /* QuickTime.framework in Frameworks */,
				00B784B30FF439BC000DE1D7 /* Accelerate.framework in Frameworks */,
				00B784B40FF439BC000DE1D7 /* AudioToolbox.framework in Frameworks */,
				00B784B50FF439BC000DE1D7 /* AudioUnit.framework in Frameworks */,
				00B784B60FF439BC000DE1D7 /* CoreAudio.framework in Frameworks */,
				AFB640D01597FD1E0026B411 /* osc.a in Frameworks */,
			);
			runOnlyForDeploymentPostprocessing = 0;
		};
/* End PBXFrameworksBuildPhase section */

/* Begin PBXGroup section */
		080E96DDFE201D6D7F000001 /* Source */ = {
			isa = PBXGroup;
			children = (
				AF05ECC315719A510048F039 /* CinderVideoStreamServerV.h */,
				AF802052156EA0F100E5F3B3 /* ConcurrentQueue.h */,
				AF802050156EA07E00E5F3B3 /* CinderVideoStreamServer.h */,
				00BAE6590E7ED9C10018A608 /* OpenniStreamApp.cpp */,
				AF52CF611559CF3B00625244 /* UserRenderer.h */,
				AFA0A1AE157874010040BD19 /* PixelEntry.h */,
				AFB6410B159808160026B411 /* Util.h */,
				AFCE452B15980F480037FA08 /* KinectTextures.h */,
			);
			name = Source;
			sourceTree = "<group>";
		};
		1058C7A0FEA54F0111CA2CBB /* Linked Frameworks */ = {
			isa = PBXGroup;
			children = (
				00B784AF0FF439BC000DE1D7 /* Accelerate.framework */,
				00B784B00FF439BC000DE1D7 /* AudioToolbox.framework */,
				00B784B10FF439BC000DE1D7 /* AudioUnit.framework */,
				00B784B20FF439BC000DE1D7 /* CoreAudio.framework */,
				0097E3E40F3E9819005A4392 /* QuickTime.framework */,
				5323E6B50EAFCA7E003A9687 /* QTKit.framework */,
				5323E6B10EAFCA74003A9687 /* CoreVideo.framework */,
				53E3CDFB0E86099300238D2B /* Carbon.framework */,
				0091D8F80E81B9330029341E /* OpenGL.framework */,
				1058C7A1FEA54F0111CA2CBB /* Cocoa.framework */,
			);
			name = "Linked Frameworks";
			sourceTree = "<group>";
		};
		1058C7A2FEA54F0111CA2CBB /* Other Frameworks */ = {
			isa = PBXGroup;
			children = (
				29B97324FDCFA39411CA2CEA /* AppKit.framework */,
				13E42FB307B3F0F600E4EEF1 /* CoreData.framework */,
				29B97325FDCFA39411CA2CEA /* Foundation.framework */,
			);
			name = "Other Frameworks";
			sourceTree = "<group>";
		};
		19C28FACFE9D520D11CA2CBB /* Products */ = {
			isa = PBXGroup;
			children = (
				8D1107320486CEB800E47090 /* OpenniStream.app */,
			);
			name = Products;
			sourceTree = "<group>";
		};
		1C9C1A2613E493EE00C23E77 /* Blocks */ = {
			isa = PBXGroup;
			children = (
				AFB640F1159805300026B411 /* openni */,
				AFB6406F1597FD1E0026B411 /* osc */,
			);
			name = Blocks;
			sourceTree = "<group>";
		};
		29B97314FDCFA39411CA2CEA /* BlockOpenNISkeleton */ = {
			isa = PBXGroup;
			children = (
				1C9C1A2613E493EE00C23E77 /* Blocks */,
				29B97315FDCFA39411CA2CEA /* Headers */,
				080E96DDFE201D6D7F000001 /* Source */,
				29B97317FDCFA39411CA2CEA /* Resources */,
				29B97323FDCFA39411CA2CEA /* Frameworks */,
				19C28FACFE9D520D11CA2CBB /* Products */,
			);
			name = BlockOpenNISkeleton;
			sourceTree = "<group>";
		};
		29B97315FDCFA39411CA2CEA /* Headers */ = {
			isa = PBXGroup;
			children = (
				32CA4F630368D1EE00C91783 /* OpenniStream_Prefix.pch */,
			);
			name = Headers;
			sourceTree = "<group>";
		};
		29B97317FDCFA39411CA2CEA /* Resources */ = {
			isa = PBXGroup;
			children = (
				AFC16DED1545B39E000749C4 /* eight-ball.icns */,
				2042DF5713C764A90062DCE9 /* configIR.xml */,
				8D1107310486CEB800E47090 /* Info.plist */,
			);
			name = Resources;
			sourceTree = "<group>";
		};
		29B97323FDCFA39411CA2CEA /* Frameworks */ = {
			isa = PBXGroup;
			children = (
				1058C7A0FEA54F0111CA2CBB /* Linked Frameworks */,
				1058C7A2FEA54F0111CA2CBB /* Other Frameworks */,
			);
			name = Frameworks;
			sourceTree = "<group>";
		};
		AFB6406F1597FD1E0026B411 /* osc */ = {
			isa = PBXGroup;
			children = (
				AFB640701597FD1E0026B411 /* include */,
				AFB6408C1597FD1E0026B411 /* lib */,
				AFB640BB1597FD1E0026B411 /* src */,
			);
			name = osc;
			path = ../../../blocks/osc;
			sourceTree = "<group>";
		};
		AFB640701597FD1E0026B411 /* include */ = {
			isa = PBXGroup;
			children = (
				AFB640711597FD1E0026B411 /* ip */,
				AFB6407A1597FD1E0026B411 /* osc */,
				AFB640871597FD1E0026B411 /* OscArg.h */,
				AFB640881597FD1E0026B411 /* OscBundle.h */,
				AFB640891597FD1E0026B411 /* OscListener.h */,
				AFB6408A1597FD1E0026B411 /* OscMessage.h */,
				AFB6408B1597FD1E0026B411 /* OscSender.h */,
			);
			path = include;
			sourceTree = "<group>";
		};
		AFB640711597FD1E0026B411 /* ip */ = {
			isa = PBXGroup;
			children = (
				AFB640731597FD1E0026B411 /* IpEndpointName.h */,
				AFB640751597FD1E0026B411 /* NetworkingUtils.h */,
				AFB640761597FD1E0026B411 /* PacketListener.h */,
				AFB640771597FD1E0026B411 /* TimerListener.h */,
				AFB640791597FD1E0026B411 /* UdpSocket.h */,
			);
			path = ip;
			sourceTree = "<group>";
		};
		AFB6407A1597FD1E0026B411 /* osc */ = {
			isa = PBXGroup;
			children = (
				AFB6407B1597FD1E0026B411 /* MessageMappingOscPacketListener.h */,
				AFB6407C1597FD1E0026B411 /* OscException.h */,
				AFB6407D1597FD1E0026B411 /* OscHostEndianness.h */,
				AFB6407F1597FD1E0026B411 /* OscOutboundPacketStream.h */,
				AFB640801597FD1E0026B411 /* OscPacketListener.h */,
				AFB640821597FD1E0026B411 /* OscPrintReceivedElements.h */,
				AFB640841597FD1E0026B411 /* OscReceivedElements.h */,
				AFB640861597FD1E0026B411 /* OscTypes.h */,
			);
			path = osc;
			sourceTree = "<group>";
		};
		AFB6408C1597FD1E0026B411 /* lib */ = {
			isa = PBXGroup;
			children = (
				AFB6408F1597FD1E0026B411 /* macosx */,
			);
			path = lib;
			sourceTree = "<group>";
		};
		AFB6408F1597FD1E0026B411 /* macosx */ = {
			isa = PBXGroup;
			children = (
				AFB640901597FD1E0026B411 /* osc.a */,
			);
			path = macosx;
			sourceTree = "<group>";
		};
		AFB640BB1597FD1E0026B411 /* src */ = {
			isa = PBXGroup;
			children = (
				AFB640BC1597FD1E0026B411 /* OscBundle.cpp */,
				AFB640BD1597FD1E0026B411 /* OscListener.cpp */,
				AFB640BE1597FD1E0026B411 /* OscMessage.cpp */,
				AFB640BF1597FD1E0026B411 /* OscSender.cpp */,
			);
			path = src;
			sourceTree = "<group>";
		};
		AFB640F1159805300026B411 /* openni */ = {
			isa = PBXGroup;
			children = (
				AFB640F2159805580026B411 /* src */,
			);
			name = openni;
			sourceTree = "<group>";
		};
		AFB640F2159805580026B411 /* src */ = {
			isa = PBXGroup;
			children = (
				AFB640F3159805580026B411 /* SkeletonPoseDetector.h */,
				AFB640F4159805580026B411 /* VOpenNIBone.h */,
				AFB640F5159805580026B411 /* VOpenNICommon.h */,
				AFB640F6159805580026B411 /* VOpenNIDevice.cpp */,
				AFB640F7159805580026B411 /* VOpenNIDevice.h */,
				AFB640F8159805580026B411 /* VOpenNIDeviceManager.cpp */,
				AFB640F9159805580026B411 /* VOpenNIDeviceManager.h */,
				AFB640FA159805580026B411 /* VOpenNIHeaders.h */,
				AFB640FB159805580026B411 /* VOpenNINetwork.cpp */,
				AFB640FC159805580026B411 /* VOpenNINetwork.h */,
				AFB640FD159805580026B411 /* VOpenNIRecorder.cpp */,
				AFB640FE159805580026B411 /* VOpenNIRecorder.h */,
				AFB640FF159805580026B411 /* VOpenNISurface.h */,
				AFB64100159805580026B411 /* VOpenNIUser.cpp */,
				AFB64101159805580026B411 /* VOpenNIUser.h */,
			);
			name = src;
			path = ../../../blocks/BlockOpenNI/src;
			sourceTree = "<group>";
		};
/* End PBXGroup section */

/* Begin PBXNativeTarget section */
		8D1107260486CEB800E47090 /* OpenniStream */ = {
			isa = PBXNativeTarget;
			buildConfigurationList = C01FCF4A08A954540054247B /* Build configuration list for PBXNativeTarget "OpenniStream" */;
			buildPhases = (
				8D1107290486CEB800E47090 /* Resources */,
				8D11072C0486CEB800E47090 /* Sources */,
				8D11072E0486CEB800E47090 /* Frameworks */,
			);
			buildRules = (
			);
			dependencies = (
			);
			name = OpenniStream;
			productInstallPath = "$(HOME)/Applications";
			productName = BlockOpenNISkeleton;
			productReference = 8D1107320486CEB800E47090 /* OpenniStream.app */;
			productType = "com.apple.product-type.application";
		};
/* End PBXNativeTarget section */

/* Begin PBXProject section */
		29B97313FDCFA39411CA2CEA /* Project object */ = {
			isa = PBXProject;
			attributes = {
				LastUpgradeCheck = 0430;
			};
			buildConfigurationList = C01FCF4E08A954540054247B /* Build configuration list for PBXProject "OpenniStream" */;
			compatibilityVersion = "Xcode 3.2";
			developmentRegion = English;
			hasScannedForEncodings = 1;
			knownRegions = (
				en,
			);
			mainGroup = 29B97314FDCFA39411CA2CEA /* BlockOpenNISkeleton */;
			projectDirPath = "";
			projectRoot = "";
			targets = (
				8D1107260486CEB800E47090 /* OpenniStream */,
			);
		};
/* End PBXProject section */

/* Begin PBXResourcesBuildPhase section */
		8D1107290486CEB800E47090 /* Resources */ = {
			isa = PBXResourcesBuildPhase;
			buildActionMask = 2147483647;
			files = (
				2042DF5813C764A90062DCE9 /* configIR.xml in Resources */,
				AFC16DEE1545B39E000749C4 /* eight-ball.icns in Resources */,
			);
			runOnlyForDeploymentPostprocessing = 0;
		};
/* End PBXResourcesBuildPhase section */

/* Begin PBXSourcesBuildPhase section */
		8D11072C0486CEB800E47090 /* Sources */ = {
			isa = PBXSourcesBuildPhase;
			buildActionMask = 2147483647;
			files = (
				00BAE65A0E7ED9C10018A608 /* OpenniStreamApp.cpp in Sources */,
				AFB640E31597FD1E0026B411 /* OscBundle.cpp in Sources */,
				AFB640E41597FD1E0026B411 /* OscListener.cpp in Sources */,
				AFB640E51597FD1E0026B411 /* OscMessage.cpp in Sources */,
				AFB640E61597FD1E0026B411 /* OscSender.cpp in Sources */,
				AFB64102159805580026B411 /* VOpenNIDevice.cpp in Sources */,
				AFB64103159805580026B411 /* VOpenNIDeviceManager.cpp in Sources */,
				AFB64104159805580026B411 /* VOpenNINetwork.cpp in Sources */,
				AFB64105159805580026B411 /* VOpenNIRecorder.cpp in Sources */,
				AFB64106159805580026B411 /* VOpenNIUser.cpp in Sources */,
			);
			runOnlyForDeploymentPostprocessing = 0;
		};
/* End PBXSourcesBuildPhase section */

/* Begin XCBuildConfiguration section */
		C01FCF4B08A954540054247B /* Debug */ = {
			isa = XCBuildConfiguration;
			buildSettings = {
				CINDER_PATH = /Users/eight/repos/Cinder;
				COPY_PHASE_STRIP = NO;
				DEAD_CODE_STRIPPING = YES;
				GCC_DYNAMIC_NO_PIC = NO;
				GCC_INLINES_ARE_PRIVATE_EXTERN = NO;
				GCC_MODEL_TUNING = G5;
				GCC_OPTIMIZATION_LEVEL = 0;
				GCC_PRECOMPILE_PREFIX_HEADER = YES;
				GCC_PREFIX_HEADER = OpenniStream_Prefix.pch;
				GCC_SYMBOLS_PRIVATE_EXTERN = NO;
				HEADER_SEARCH_PATHS = (
					"\"$(CINDER_PATH)/boost\"",
					"\"$(OPENNI_PATH)\"",
				);
				INFOPLIST_FILE = Info.plist;
				INSTALL_PATH = "$(HOME)/Applications";
				LIBRARY_SEARCH_PATHS = (
					"$(inherited)",
					"$(CINDER_PATH)/blocks/Cinder-OpenCV/lib/macosx",
					"\"$(CINDER_PATH)/blocks/osc/lib/macosx\"",
				);
				OPENNI_PATH = /usr/include/ni;
				OTHER_LDFLAGS = (
					"\"$(CINDER_PATH)/lib/libcinder_d.a\"",
					"-lcurl",
					"\"/usr/lib/libOpenNI.dylib\"",
					"\"$(CINDER_PATH)/blocks/Cinder-OpenCV/lib/macosx/libopencv_core.a\"",
					"\"$(CINDER_PATH)/blocks/Cinder-OpenCV/lib/macosx/libopencv_imgproc.a\"",
				);
				PRODUCT_NAME = OpenniStream;
				SDKROOT = macosx;
				USER_HEADER_SEARCH_PATHS = "\"$(CINDER_PATH)/include\" \"$(CINDER_PATH)/blocks/BlockOpenNI/include/include\" \"$(OPENNI_PATH)\" \"$(CINDER_PATH)/blocks/BlockOpenNI/src\" \"$(CINDER_PATH)/blocks/osc/include\" \"$(CINDER_PATH)/blocks/Cinder-OpenCV/include\"";
				WRAPPER_EXTENSION = app;
			};
			name = Debug;
		};
		C01FCF4C08A954540054247B /* Release */ = {
			isa = XCBuildConfiguration;
			buildSettings = {
				CINDER_PATH = /Users/eight/repos/Cinder;
				DEAD_CODE_STRIPPING = YES;
				DEBUG_INFORMATION_FORMAT = "dwarf-with-dsym";
				GCC_FAST_MATH = YES;
				GCC_GENERATE_DEBUGGING_SYMBOLS = NO;
				GCC_INLINES_ARE_PRIVATE_EXTERN = NO;
				GCC_MODEL_TUNING = G5;
				GCC_OPTIMIZATION_LEVEL = 3;
				GCC_PRECOMPILE_PREFIX_HEADER = YES;
				GCC_PREFIX_HEADER = OpenniStream_Prefix.pch;
				GCC_SYMBOLS_PRIVATE_EXTERN = NO;
				HEADER_SEARCH_PATHS = (
					"\"$(CINDER_PATH)/boost\"",
					"\"$(OPENNI_PATH)\"",
				);
				INFOPLIST_FILE = Info.plist;
				INSTALL_PATH = "$(HOME)/Applications";
				LIBRARY_SEARCH_PATHS = (
					"$(inherited)",
					"\"$(SRCROOT)/../../../../osc/lib/macosx\"",
					"\"$(SRCROOT)/../../../../Cinder-OpenCV/lib/macosx\"",
					"\"$(SRCROOT)/../../../blocks/osc/lib/macosx\"",
				);
				OPENNI_PATH = /usr/include/ni;
				OTHER_LDFLAGS = (
					"\"$(CINDER_PATH)/lib/libcinder.a\"",
					"-lcurl",
					"\"/usr/lib/libOpenNI.dylib\"",
					"\"$(CINDER_PATH)/blocks/Cinder-OpenCV/lib/macosx/libopencv_core.a\"",
					"\"$(CINDER_PATH)/blocks/Cinder-OpenCV/lib/macosx/libopencv_imgproc.a\"",
				);
				PRODUCT_NAME = OpenniStream;
				SDKROOT = macosx;
				STRIP_INSTALLED_PRODUCT = YES;
				USER_HEADER_SEARCH_PATHS = "\"$(CINDER_PATH)/include\" \"$(CINDER_PATH)/blocks/BlockOpenNI/include/include\" \"$(OPENNI_PATH)\" \"$(CINDER_PATH)/blocks/BlockOpenNI/src\" \"$(CINDER_PATH)/blocks/osc/include\" \"$(CINDER_PATH)/blocks/Cinder-OpenCV/include\"";
				WRAPPER_EXTENSION = app;
			};
			name = Release;
		};
		C01FCF4F08A954540054247B /* Debug */ = {
			isa = XCBuildConfiguration;
			buildSettings = {
				ALWAYS_SEARCH_USER_PATHS = YES;
				ARCHS = i386;
				CINDER_PATH = /Users/eight/repos/Cinder;
				GCC_WARN_ABOUT_RETURN_TYPE = YES;
				GCC_WARN_UNUSED_VARIABLE = YES;
				HEADER_SEARCH_PATHS = (
					"\"$(CINDER_PATH)/include\"",
					"\"$(CINDER_PATH)/boost\"",
				);
				LIBRARY_SEARCH_PATHS = "\"/usr/lib\"";
				MACOSX_DEPLOYMENT_TARGET = 10.5;
				OPENNI_PATH = /usr/include/ni;
				OTHER_LDFLAGS = "";
				PREBINDING = "";
				SDKROOT = macosx;
				USER_HEADER_SEARCH_PATHS = "$(OPENCV_PATH)/include";
			};
			name = Debug;
		};
		C01FCF5008A954540054247B /* Release */ = {
			isa = XCBuildConfiguration;
			buildSettings = {
				ALWAYS_SEARCH_USER_PATHS = YES;
				ARCHS = i386;
				CINDER_PATH = /Users/eight/repos/Cinder;
				GCC_WARN_ABOUT_RETURN_TYPE = YES;
				GCC_WARN_UNUSED_VARIABLE = YES;
				HEADER_SEARCH_PATHS = (
					"\"$(CINDER_PATH)/include\"",
					"\"$(CINDER_PATH)/boost\"",
				);
				LIBRARY_SEARCH_PATHS = "\"/usr/lib\"";
				MACOSX_DEPLOYMENT_TARGET = 10.5;
				OPENNI_PATH = /usr/include/ni;
				OTHER_LDFLAGS = "";
				PREBINDING = "";
				SDKROOT = macosx;
				USER_HEADER_SEARCH_PATHS = "$(OPENCV_PATH)/include";
			};
			name = Release;
		};
/* End XCBuildConfiguration section */

/* Begin XCConfigurationList section */
		C01FCF4A08A954540054247B /* Build configuration list for PBXNativeTarget "OpenniStream" */ = {
			isa = XCConfigurationList;
			buildConfigurations = (
				C01FCF4B08A954540054247B /* Debug */,
				C01FCF4C08A954540054247B /* Release */,
			);
			defaultConfigurationIsVisible = 0;
			defaultConfigurationName = Release;
		};
		C01FCF4E08A954540054247B /* Build configuration list for PBXProject "OpenniStream" */ = {
			isa = XCConfigurationList;
			buildConfigurations = (
				C01FCF4F08A954540054247B /* Debug */,
				C01FCF5008A954540054247B /* Release */,
			);
			defaultConfigurationIsVisible = 0;
			defaultConfigurationName = Release;
		};
/* End XCConfigurationList section */
	};
	rootObject = 29B97313FDCFA39411CA2CEA /* Project object */;
}
